
Microsoft Visual Studio Solution File, Format Version 12.00
# Visual Studio Version 16
VisualStudioVersion = 16.0.30621.155
MinimumVisualStudioVersion = 10.0.40219.1
Project("{FAE04EC0-301F-11D3-BF4B-00C04F79EFBC}") = "OcelotGateway.API", "OcelotGateway.API\OcelotGateway.API.csproj", "{02D8E292-621D-49EA-A6C1-CF46ADFBF621}"
EndProject
Global
	GlobalSection(SolutionConfigurationPlatforms) = preSolution
		Debug|Any CPU = Debug|Any CPU
		Release|Any CPU = Release|Any CPU
	EndGlobalSection
	GlobalSection(ProjectConfigurationPlatforms) = postSolution
		{02D8E292-621D-49EA-A6C1-CF46ADFBF621}.Debug|Any CPU.ActiveCfg = Debug|Any CPU
		{02D8E292-621D-49EA-A6C1-CF46ADFBF621}.Debug|Any CPU.Build.0 = Debug|Any CPU
		{02D8E292-621D-49EA-A6C1-CF46ADFBF621}.Release|Any CPU.ActiveCfg = Release|Any CPU
		{02D8E292-621D-49EA-A6C1-CF46ADFBF621}.Release|Any CPU.Build.0 = Release|Any CPU
	EndGlobalSection
	GlobalSection(SolutionProperties) = preSolution
		HideSolutionNode = FALSE
	EndGlobalSection
	GlobalSection(ExtensibilityGlobals) = postSolution
		SolutionGuid = {CB47C926-4BC4-42A0-A49A-5D737E280433}
	EndGlobalSection
EndGlobal
